{
  "nodes": {
    "nixpkgs": {
      "locked": {
        "lastModified": 1761907660,
        "narHash": "sha256-kJ8lIZsiPOmbkJypG+B5sReDXSD1KGu2VEPNqhRa/ew=",
        "owner": "nixos",
        "repo": "nixpkgs",
        "rev": "2fb006b87f04c4d3bdf08cfdbc7fab9c13d94a15",
        "type": "github"
      },
      "original": {
        "owner": "nixos",
        "ref": "nixos-unstable",
        "repo": "nixpkgs",
        "type": "github"
      }
    },
    "pythonCore": {
      "inputs": {
        "nixpkgs": "nixpkgs"
      },
      "locked": {
        "dir": "pythonShells/pythonCore",
        "lastModified": 1762135774,
        "narHash": "sha256-yJEJjc8S/g5fsCdX4gjO7TjZD2YXREX/MCd5J75fBf8=",
        "owner": "cmacwill1",
        "repo": "nixShells",
        "rev": "7dd3844c7a3eb95b713ddb04dac9fc8beb2f4210",
        "type": "github"
      },
      "original": {
        "dir": "pythonShells/pythonCore",
        "owner": "cmacwill1",
        "repo": "nixShells",
        "type": "github"
      }
    },
    "root": {
      "inputs": {
        "nixpkgs": [
          "pythonCore",
          "nixpkgs"
        ],
        "pythonCore": "pythonCore"
      }
    }
  },
  "root": "root",
  "version": 7
}
