{
  "nodes": {
    "nixpkgs": {
      "locked": {
        "lastModified": 1761907660,
        "narHash": "sha256-kJ8lIZsiPOmbkJypG+B5sReDXSD1KGu2VEPNqhRa/ew=",
        "owner": "nixos",
        "repo": "nixpkgs",
        "rev": "2fb006b87f04c4d3bdf08cfdbc7fab9c13d94a15",
        "type": "github"
      },
      "original": {
        "owner": "nixos",
        "ref": "nixos-unstable",
        "repo": "nixpkgs",
        "type": "github"
      }
    },
    "pythonCore": {
      "inputs": {
        "nixpkgs": "nixpkgs"
      },
      "locked": {
        "dir": "pythonCore",
        "lastModified": 1762129854,
        "narHash": "sha256-U1EiHv3unDtXyrozIJBhuCb7gzE9zqK52Y3KavIFybE=",
        "owner": "cmacwill1",
        "repo": "nixShells",
        "rev": "d20234b9fa5bd8c5547bda87979e949abe64d55a",
        "type": "github"
      },
      "original": {
        "dir": "pythonCore",
        "owner": "cmacwill1",
        "repo": "nixShells",
        "type": "github"
      }
    },
    "root": {
      "inputs": {
        "nixpkgs": [
          "pythonCore"
        ],
        "pythonCore": "pythonCore"
      }
    }
  },
  "root": "root",
  "version": 7
}
