{
  "nodes": {
    "nixpkgs": {
      "locked": {
        "lastModified": 1761907660,
        "narHash": "sha256-kJ8lIZsiPOmbkJypG+B5sReDXSD1KGu2VEPNqhRa/ew=",
        "owner": "nixos",
        "repo": "nixpkgs",
        "rev": "2fb006b87f04c4d3bdf08cfdbc7fab9c13d94a15",
        "type": "github"
      },
      "original": {
        "owner": "nixos",
        "ref": "nixos-unstable",
        "repo": "nixpkgs",
        "type": "github"
      }
    },
    "nixpkgs_2": {
      "locked": {
        "lastModified": 1761907660,
        "narHash": "sha256-kJ8lIZsiPOmbkJypG+B5sReDXSD1KGu2VEPNqhRa/ew=",
        "owner": "nixos",
        "repo": "nixpkgs",
        "rev": "2fb006b87f04c4d3bdf08cfdbc7fab9c13d94a15",
        "type": "github"
      },
      "original": {
        "owner": "nixos",
        "ref": "nixos-unstable",
        "repo": "nixpkgs",
        "type": "github"
      }
    },
    "nixpkgs_3": {
      "locked": {
        "lastModified": 1761907660,
        "narHash": "sha256-kJ8lIZsiPOmbkJypG+B5sReDXSD1KGu2VEPNqhRa/ew=",
        "owner": "nixos",
        "repo": "nixpkgs",
        "rev": "2fb006b87f04c4d3bdf08cfdbc7fab9c13d94a15",
        "type": "github"
      },
      "original": {
        "owner": "nixos",
        "ref": "nixos-unstable",
        "repo": "nixpkgs",
        "type": "github"
      }
    },
    "nixpkgs_4": {
      "locked": {
        "lastModified": 1761907660,
        "narHash": "sha256-kJ8lIZsiPOmbkJypG+B5sReDXSD1KGu2VEPNqhRa/ew=",
        "owner": "nixos",
        "repo": "nixpkgs",
        "rev": "2fb006b87f04c4d3bdf08cfdbc7fab9c13d94a15",
        "type": "github"
      },
      "original": {
        "owner": "nixos",
        "ref": "nixos-unstable",
        "repo": "nixpkgs",
        "type": "github"
      }
    },
    "nixpkgs_5": {
      "locked": {
        "lastModified": 1761907660,
        "narHash": "sha256-kJ8lIZsiPOmbkJypG+B5sReDXSD1KGu2VEPNqhRa/ew=",
        "owner": "nixos",
        "repo": "nixpkgs",
        "rev": "2fb006b87f04c4d3bdf08cfdbc7fab9c13d94a15",
        "type": "github"
      },
      "original": {
        "owner": "nixos",
        "ref": "nixos-unstable",
        "repo": "nixpkgs",
        "type": "github"
      }
    },
    "nixpkgs_6": {
      "locked": {
        "lastModified": 1761907660,
        "narHash": "sha256-kJ8lIZsiPOmbkJypG+B5sReDXSD1KGu2VEPNqhRa/ew=",
        "owner": "nixos",
        "repo": "nixpkgs",
        "rev": "2fb006b87f04c4d3bdf08cfdbc7fab9c13d94a15",
        "type": "github"
      },
      "original": {
        "owner": "nixos",
        "ref": "nixos-unstable",
        "repo": "nixpkgs",
        "type": "github"
      }
    },
    "pythonCore": {
      "inputs": {
        "nixpkgs": "nixpkgs_2"
      },
      "locked": {
        "dir": "pythonCore",
        "lastModified": 1762129399,
        "narHash": "sha256-ax5ueq6K2I0QIRXAF4lcCrb+0YZTZJUJD5t1PPxxwpY=",
        "owner": "cmacwill1",
        "repo": "nixShells",
        "rev": "4d64f72cfa37080fb5e7a01eb657dd177b52f5a1",
        "type": "github"
      },
      "original": {
        "dir": "pythonCore",
        "owner": "cmacwill1",
        "repo": "nixShells",
        "type": "github"
      }
    },
    "pythonCore_2": {
      "inputs": {
        "nixpkgs": "nixpkgs_4"
      },
      "locked": {
        "dir": "pythonCore",
        "lastModified": 1762127148,
        "narHash": "sha256-3+YI2OIAwKj79qpdZl6ETavUpDCNPmSQkQhH6dU5zHU=",
        "owner": "cmacwill1",
        "repo": "nixShells",
        "rev": "f115b91b7eb9ea2275c437e8c6a98c243ea20116",
        "type": "github"
      },
      "original": {
        "dir": "pythonCore",
        "owner": "cmacwill1",
        "repo": "nixShells",
        "type": "github"
      }
    },
    "pythonCore_3": {
      "inputs": {
        "nixpkgs": "nixpkgs_6"
      },
      "locked": {
        "dir": "pythonCore",
        "lastModified": 1762127148,
        "narHash": "sha256-3+YI2OIAwKj79qpdZl6ETavUpDCNPmSQkQhH6dU5zHU=",
        "owner": "cmacwill1",
        "repo": "nixShells",
        "rev": "f115b91b7eb9ea2275c437e8c6a98c243ea20116",
        "type": "github"
      },
      "original": {
        "dir": "pythonCore",
        "owner": "cmacwill1",
        "repo": "nixShells",
        "type": "github"
      }
    },
    "pythonPackages": {
      "inputs": {
        "nixpkgs": "nixpkgs_3",
        "pythonCore": "pythonCore_2"
      },
      "locked": {
        "dir": "pythonBasicPackages",
        "lastModified": 1762129399,
        "narHash": "sha256-ax5ueq6K2I0QIRXAF4lcCrb+0YZTZJUJD5t1PPxxwpY=",
        "owner": "cmacwill1",
        "repo": "nixShells",
        "rev": "4d64f72cfa37080fb5e7a01eb657dd177b52f5a1",
        "type": "github"
      },
      "original": {
        "dir": "pythonBasicPackages",
        "owner": "cmacwill1",
        "repo": "nixShells",
        "type": "github"
      }
    },
    "pythonPackages2": {
      "inputs": {
        "nixpkgs": "nixpkgs_5",
        "pythonCore": "pythonCore_3"
      },
      "locked": {
        "dir": "pythonBasicPackages2",
        "lastModified": 1762129399,
        "narHash": "sha256-ax5ueq6K2I0QIRXAF4lcCrb+0YZTZJUJD5t1PPxxwpY=",
        "owner": "cmacwill1",
        "repo": "nixShells",
        "rev": "4d64f72cfa37080fb5e7a01eb657dd177b52f5a1",
        "type": "github"
      },
      "original": {
        "dir": "pythonBasicPackages2",
        "owner": "cmacwill1",
        "repo": "nixShells",
        "type": "github"
      }
    },
    "root": {
      "inputs": {
        "nixpkgs": "nixpkgs",
        "pythonCore": "pythonCore",
        "pythonPackages": "pythonPackages",
        "pythonPackages2": "pythonPackages2"
      }
    }
  },
  "root": "root",
  "version": 7
}
