{
  "nodes": {
    "nixpkgs": {
      "locked": {
        "lastModified": 1761907660,
        "narHash": "sha256-kJ8lIZsiPOmbkJypG+B5sReDXSD1KGu2VEPNqhRa/ew=",
        "owner": "nixos",
        "repo": "nixpkgs",
        "rev": "2fb006b87f04c4d3bdf08cfdbc7fab9c13d94a15",
        "type": "github"
      },
      "original": {
        "owner": "nixos",
        "ref": "nixos-unstable",
        "repo": "nixpkgs",
        "type": "github"
      }
    },
    "nixpkgs_2": {
      "locked": {
        "lastModified": 1761907660,
        "narHash": "sha256-kJ8lIZsiPOmbkJypG+B5sReDXSD1KGu2VEPNqhRa/ew=",
        "owner": "nixos",
        "repo": "nixpkgs",
        "rev": "2fb006b87f04c4d3bdf08cfdbc7fab9c13d94a15",
        "type": "github"
      },
      "original": {
        "owner": "nixos",
        "ref": "nixos-unstable",
        "repo": "nixpkgs",
        "type": "github"
      }
    },
    "pythonCore": {
      "inputs": {
        "nixpkgs": "nixpkgs"
      },
      "locked": {
        "dir": "pythonShells/pythonCore",
        "lastModified": 1762132290,
        "narHash": "sha256-qkxeruQgZtZCkkpK/uGHojogc38M/MIGTU7ZSzYnh4E=",
        "owner": "cmacwill1",
        "repo": "nixShells",
        "rev": "c5f027cd7368556638d99254c768bb2bd8566ca5",
        "type": "github"
      },
      "original": {
        "dir": "pythonShells/pythonCore",
        "owner": "cmacwill1",
        "repo": "nixShells",
        "type": "github"
      }
    },
    "pythonCore_2": {
      "inputs": {
        "nixpkgs": "nixpkgs_2"
      },
      "locked": {
        "dir": "pythonShells/pythonCore",
        "lastModified": 1762132244,
        "narHash": "sha256-6mdbjynUYmJemuMD5LPuSVg7feq0iG9VN4jdB3o7W0Y=",
        "owner": "cmacwill1",
        "repo": "nixShells",
        "rev": "1b20a4f745c7c663b9c7c86339af27558ac7eaff",
        "type": "github"
      },
      "original": {
        "dir": "pythonShells/pythonCore",
        "owner": "cmacwill1",
        "repo": "nixShells",
        "type": "github"
      }
    },
    "pythonPackages": {
      "inputs": {
        "nixpkgs": [
          "pythonPackages",
          "pythonCore",
          "nixpkgs"
        ],
        "pythonCore": "pythonCore_2"
      },
      "locked": {
        "dir": "pythonShells/pythonBasicPackages",
        "lastModified": 1762132290,
        "narHash": "sha256-qkxeruQgZtZCkkpK/uGHojogc38M/MIGTU7ZSzYnh4E=",
        "owner": "cmacwill1",
        "repo": "nixShells",
        "rev": "c5f027cd7368556638d99254c768bb2bd8566ca5",
        "type": "github"
      },
      "original": {
        "dir": "pythonShells/pythonBasicPackages",
        "owner": "cmacwill1",
        "repo": "nixShells",
        "type": "github"
      }
    },
    "root": {
      "inputs": {
        "nixpkgs": [
          "pythonCore",
          "nixpkgs"
        ],
        "pythonCore": "pythonCore",
        "pythonPackages": "pythonPackages"
      }
    }
  },
  "root": "root",
  "version": 7
}
